
Microsoft Visual Studio Solution File, Format Version 12.00
# Visual Studio 15
Project("{FAE04EC0-301F-11D3-BF4B-00C04F79EFBC}") = "KLHockeyBot", "KLHockeyBot\KLHockeyBot.csproj", "{F7150AFC-3472-4FC1-B80B-2AB02F20AF12}"
EndProject
Global
	GlobalSection(SolutionConfigurationPlatforms) = preSolution
		Debug|Any CPU = Debug|Any CPU
		Release|Any CPU = Release|Any CPU
		Debug|x86 = Debug|x86
		Release|x86 = Release|x86
	EndGlobalSection
	GlobalSection(ProjectConfigurationPlatforms) = postSolution
		{F7150AFC-3472-4FC1-B80B-2AB02F20AF12}.Debug|Any CPU.ActiveCfg = Debug|Any CPU
		{F7150AFC-3472-4FC1-B80B-2AB02F20AF12}.Debug|Any CPU.Build.0 = Debug|Any CPU
		{F7150AFC-3472-4FC1-B80B-2AB02F20AF12}.Release|Any CPU.ActiveCfg = Release|Any CPU
		{F7150AFC-3472-4FC1-B80B-2AB02F20AF12}.Release|Any CPU.Build.0 = Release|Any CPU
		{F7150AFC-3472-4FC1-B80B-2AB02F20AF12}.Debug|x86.ActiveCfg = Debug|Any CPU
		{F7150AFC-3472-4FC1-B80B-2AB02F20AF12}.Debug|x86.Build.0 = Debug|Any CPU
		{F7150AFC-3472-4FC1-B80B-2AB02F20AF12}.Release|x86.ActiveCfg = Release|Any CPU
		{F7150AFC-3472-4FC1-B80B-2AB02F20AF12}.Release|x86.Build.0 = Release|Any CPU
	EndGlobalSection
EndGlobal
